
Microsoft Visual Studio Solution File, Format Version 12.00
# Visual Studio Version 16
VisualStudioVersion = 16.0.809.0
MinimumVisualStudioVersion = 10.0.40219.1
Project("{FAE04EC0-301F-11D3-BF4B-00C04F79EFBC}") = "FunMSNP", "FunMSNP\FunMSNP.csproj", "{F522BCE4-5B39-4D3E-8A20-6472915CF47B}"
EndProject
Project("{FAE04EC0-301F-11D3-BF4B-00C04F79EFBC}") = "Tcp.NET.Server", "Tcp.NET.Server\Tcp.NET.Server.csproj", "{521B8513-2241-4F1E-888F-8D06CB63FA1C}"
EndProject
Project("{FAE04EC0-301F-11D3-BF4B-00C04F79EFBC}") = "FunMSNP.Site", "FunMSNP.Site\FunMSNP.Site.csproj", "{97839B06-FB40-4A98-BB08-B54BD2311927}"
EndProject
Project("{FAE04EC0-301F-11D3-BF4B-00C04F79EFBC}") = "FunMSNP.Shared", "FunMSNP.Shared\FunMSNP.Shared.csproj", "{486F8077-D6EC-4B45-8761-879484E2260C}"
EndProject
Global
	GlobalSection(SolutionConfigurationPlatforms) = preSolution
		Debug|Any CPU = Debug|Any CPU
		Release|Any CPU = Release|Any CPU
	EndGlobalSection
	GlobalSection(ProjectConfigurationPlatforms) = postSolution
		{F522BCE4-5B39-4D3E-8A20-6472915CF47B}.Debug|Any CPU.ActiveCfg = Debug|Any CPU
		{F522BCE4-5B39-4D3E-8A20-6472915CF47B}.Debug|Any CPU.Build.0 = Debug|Any CPU
		{F522BCE4-5B39-4D3E-8A20-6472915CF47B}.Release|Any CPU.ActiveCfg = Release|Any CPU
		{F522BCE4-5B39-4D3E-8A20-6472915CF47B}.Release|Any CPU.Build.0 = Release|Any CPU
		{521B8513-2241-4F1E-888F-8D06CB63FA1C}.Debug|Any CPU.ActiveCfg = Debug|Any CPU
		{521B8513-2241-4F1E-888F-8D06CB63FA1C}.Debug|Any CPU.Build.0 = Debug|Any CPU
		{521B8513-2241-4F1E-888F-8D06CB63FA1C}.Release|Any CPU.ActiveCfg = Release|Any CPU
		{521B8513-2241-4F1E-888F-8D06CB63FA1C}.Release|Any CPU.Build.0 = Release|Any CPU
		{97839B06-FB40-4A98-BB08-B54BD2311927}.Debug|Any CPU.ActiveCfg = Debug|Any CPU
		{97839B06-FB40-4A98-BB08-B54BD2311927}.Debug|Any CPU.Build.0 = Debug|Any CPU
		{97839B06-FB40-4A98-BB08-B54BD2311927}.Release|Any CPU.ActiveCfg = Release|Any CPU
		{97839B06-FB40-4A98-BB08-B54BD2311927}.Release|Any CPU.Build.0 = Release|Any CPU
		{486F8077-D6EC-4B45-8761-879484E2260C}.Debug|Any CPU.ActiveCfg = Debug|Any CPU
		{486F8077-D6EC-4B45-8761-879484E2260C}.Debug|Any CPU.Build.0 = Debug|Any CPU
		{486F8077-D6EC-4B45-8761-879484E2260C}.Release|Any CPU.ActiveCfg = Release|Any CPU
		{486F8077-D6EC-4B45-8761-879484E2260C}.Release|Any CPU.Build.0 = Release|Any CPU
	EndGlobalSection
	GlobalSection(SolutionProperties) = preSolution
		HideSolutionNode = FALSE
	EndGlobalSection
	GlobalSection(ExtensibilityGlobals) = postSolution
		SolutionGuid = {90B0CD61-F741-4516-9299-B4F129799981}
	EndGlobalSection
	GlobalSection(MonoDevelopProperties) = preSolution
		Policies = $0
		$0.TextStylePolicy = $1
		$1.TabsToSpaces = True
		$1.scope = text/plain
	EndGlobalSection
EndGlobal
